
Microsoft Visual Studio Solution File, Format Version 12.00
# Visual Studio Version 16
VisualStudioVersion = 16.0.31019.35
MinimumVisualStudioVersion = 10.0.40219.1
Project("{FAE04EC0-301F-11D3-BF4B-00C04F79EFBC}") = "KonzolovaHra", "KonzolovaHra.csproj", "{511640AF-D293-4679-B2CE-284031118941}"
EndProject
Global
	GlobalSection(SolutionConfigurationPlatforms) = preSolution
		Debug|Any CPU = Debug|Any CPU
		Release|Any CPU = Release|Any CPU
	EndGlobalSection
	GlobalSection(ProjectConfigurationPlatforms) = postSolution
		{511640AF-D293-4679-B2CE-284031118941}.Debug|Any CPU.ActiveCfg = Debug|Any CPU
		{511640AF-D293-4679-B2CE-284031118941}.Debug|Any CPU.Build.0 = Debug|Any CPU
		{511640AF-D293-4679-B2CE-284031118941}.Release|Any CPU.ActiveCfg = Release|Any CPU
		{511640AF-D293-4679-B2CE-284031118941}.Release|Any CPU.Build.0 = Release|Any CPU
	EndGlobalSection
	GlobalSection(SolutionProperties) = preSolution
		HideSolutionNode = FALSE
	EndGlobalSection
	GlobalSection(ExtensibilityGlobals) = postSolution
		SolutionGuid = {0DC41AB4-A880-4A27-B3E6-0186022CB751}
	EndGlobalSection
EndGlobal
